
Microsoft Visual Studio Solution File, Format Version 12.00
# Visual Studio 15
Project("{FAE04EC0-301F-11D3-BF4B-00C04F79EFBC}") = "UnityEngine.UI", "UnityEngine.UI.csproj", "{B5743D6C-5CD2-F1E2-666B-410136889A5D}"
EndProject
Project("{FAE04EC0-301F-11D3-BF4B-00C04F79EFBC}") = "UnityEngine.TestRunner", "UnityEngine.TestRunner.csproj", "{9F872EB4-E4E1-520E-01D8-41A71C33A7C6}"
EndProject
Project("{FAE04EC0-301F-11D3-BF4B-00C04F79EFBC}") = "Unity.Mathematics", "Unity.Mathematics.csproj", "{F5412151-9CC8-C3EC-C433-DE678987957A}"
EndProject
Project("{FAE04EC0-301F-11D3-BF4B-00C04F79EFBC}") = "Unity.Timeline", "Unity.Timeline.csproj", "{012D7142-7739-1AB1-C78F-916282A1030C}"
EndProject
Project("{FAE04EC0-301F-11D3-BF4B-00C04F79EFBC}") = "Unity.TextMeshPro", "Unity.TextMeshPro.csproj", "{12CBE0C0-8150-0383-1514-F75E52BE084A}"
EndProject
Project("{FAE04EC0-301F-11D3-BF4B-00C04F79EFBC}") = "Unity.2D.Animation.Runtime", "Unity.2D.Animation.Runtime.csproj", "{CA779A01-C19B-0018-8862-3CF9AFA0303F}"
EndProject
Project("{FAE04EC0-301F-11D3-BF4B-00C04F79EFBC}") = "Unity.2D.IK.Runtime", "Unity.2D.IK.Runtime.csproj", "{6C6A8994-4F00-0ADD-9AB2-2E77AA3DBB15}"
EndProject
Project("{FAE04EC0-301F-11D3-BF4B-00C04F79EFBC}") = "Unity.2D.SpriteShape.Runtime", "Unity.2D.SpriteShape.Runtime.csproj", "{F3B0BA01-9443-A749-A83E-F313304AE82A}"
EndProject
Project("{FAE04EC0-301F-11D3-BF4B-00C04F79EFBC}") = "Unity.2D.PixelPerfect", "Unity.2D.PixelPerfect.csproj", "{B9ADC7C1-4A29-0637-00B9-A9E4BFA0E347}"
EndProject
Project("{FAE04EC0-301F-11D3-BF4B-00C04F79EFBC}") = "Assembly-CSharp", "Assembly-CSharp.csproj", "{F5F942EA-2A91-F648-97F1-185A8BEED07D}"
EndProject
Project("{FAE04EC0-301F-11D3-BF4B-00C04F79EFBC}") = "Unity.2D.Common.Runtime", "Unity.2D.Common.Runtime.csproj", "{F0F5CA37-D21A-09D4-7712-D3732E32FBE7}"
EndProject
Project("{FAE04EC0-301F-11D3-BF4B-00C04F79EFBC}") = "Unity.InternalAPIEngineBridge.001", "Unity.InternalAPIEngineBridge.001.csproj", "{73382F79-7715-6285-9B55-1D51C6F7652E}"
EndProject
Project("{FAE04EC0-301F-11D3-BF4B-00C04F79EFBC}") = "UnityEditor.TestRunner", "UnityEditor.TestRunner.csproj", "{24DD51B3-0F54-467D-4B86-7F73DBE35D84}"
EndProject
Project("{FAE04EC0-301F-11D3-BF4B-00C04F79EFBC}") = "Unity.PlasticSCM.Editor", "Unity.PlasticSCM.Editor.csproj", "{0A891ECC-D35E-F894-1E5A-FF2A24345AAB}"
EndProject
Project("{FAE04EC0-301F-11D3-BF4B-00C04F79EFBC}") = "Unity.2D.Animation.Triangle.Editor", "Unity.2D.Animation.Triangle.Editor.csproj", "{53E3B946-AE50-F2B3-154A-5550CAF1F7AB}"
EndProject
Project("{FAE04EC0-301F-11D3-BF4B-00C04F79EFBC}") = "UnityEditor.UI", "UnityEditor.UI.csproj", "{3FF5F85B-396E-FA6B-C066-37F6BFB40C3E}"
EndProject
Project("{FAE04EC0-301F-11D3-BF4B-00C04F79EFBC}") = "Unity.Services.Core.Editor", "Unity.Services.Core.Editor.csproj", "{56B5E58F-A966-1CDD-A1E3-351544FE3B8A}"
EndProject
Project("{FAE04EC0-301F-11D3-BF4B-00C04F79EFBC}") = "Unity.Timeline.Editor", "Unity.Timeline.Editor.csproj", "{53979E65-ED24-F09D-9EEA-AFA816CA9297}"
EndProject
Project("{FAE04EC0-301F-11D3-BF4B-00C04F79EFBC}") = "Unity.VisualStudio.Editor", "Unity.VisualStudio.Editor.csproj", "{9C7521C7-EDFE-09C6-55BC-B614F857B654}"
EndProject
Project("{FAE04EC0-301F-11D3-BF4B-00C04F79EFBC}") = "Unity.2D.Psdimporter.Editor", "Unity.2D.Psdimporter.Editor.csproj", "{2FC27BAF-4A4D-369F-3D6A-A0F30F291DB1}"
EndProject
Project("{FAE04EC0-301F-11D3-BF4B-00C04F79EFBC}") = "Unity.2D.Animation.Editor", "Unity.2D.Animation.Editor.csproj", "{097586E9-567B-FBD7-78D5-E6D7BC49BC99}"
EndProject
Project("{FAE04EC0-301F-11D3-BF4B-00C04F79EFBC}") = "Unity.TextMeshPro.Editor", "Unity.TextMeshPro.Editor.csproj", "{5A52C7C7-4D38-A0C2-649C-708244649B93}"
EndProject
Project("{FAE04EC0-301F-11D3-BF4B-00C04F79EFBC}") = "Unity.2D.SpriteShape.Editor", "Unity.2D.SpriteShape.Editor.csproj", "{E33126AB-6DAD-80D6-0F23-CA01AE557AB4}"
EndProject
Project("{FAE04EC0-301F-11D3-BF4B-00C04F79EFBC}") = "Unity.CollabProxy.Editor", "Unity.CollabProxy.Editor.csproj", "{2D2CD2CD-89CF-29F7-4312-B11B4D868E58}"
EndProject
Project("{FAE04EC0-301F-11D3-BF4B-00C04F79EFBC}") = "PsdPlugin", "PsdPlugin.csproj", "{E454F82D-726C-45C1-5A60-2A94FBFBBF6D}"
EndProject
Project("{FAE04EC0-301F-11D3-BF4B-00C04F79EFBC}") = "Unity.2D.Path.Editor", "Unity.2D.Path.Editor.csproj", "{32F8B06E-B0DF-8F20-A140-98FBDF3A831A}"
EndProject
Project("{FAE04EC0-301F-11D3-BF4B-00C04F79EFBC}") = "Unity.Rider.Editor", "Unity.Rider.Editor.csproj", "{CB3331E3-0329-6D07-268C-E919F35D4B6F}"
EndProject
Project("{FAE04EC0-301F-11D3-BF4B-00C04F79EFBC}") = "Unity.2D.IK.Editor", "Unity.2D.IK.Editor.csproj", "{A79E1D88-800D-4107-845B-7FFF1F53D6D2}"
EndProject
Project("{FAE04EC0-301F-11D3-BF4B-00C04F79EFBC}") = "Unity.2D.Sprite.Editor", "Unity.2D.Sprite.Editor.csproj", "{1197A771-0DD8-305D-D854-64C0FD29DB0B}"
EndProject
Project("{FAE04EC0-301F-11D3-BF4B-00C04F79EFBC}") = "Unity.2D.Tilemap.Editor", "Unity.2D.Tilemap.Editor.csproj", "{DA203D53-201E-624F-1F42-D7908058ADB5}"
EndProject
Project("{FAE04EC0-301F-11D3-BF4B-00C04F79EFBC}") = "Unity.2D.PixelPerfect.Editor", "Unity.2D.PixelPerfect.Editor.csproj", "{9888B4D4-CE8B-9A0E-044D-0C7C3D67EFE9}"
EndProject
Project("{FAE04EC0-301F-11D3-BF4B-00C04F79EFBC}") = "Unity.VSCode.Editor", "Unity.VSCode.Editor.csproj", "{5F1A7D11-5A19-760F-F3E6-0D962F260A88}"
EndProject
Project("{FAE04EC0-301F-11D3-BF4B-00C04F79EFBC}") = "Unity.2D.Common.Editor", "Unity.2D.Common.Editor.csproj", "{1D532642-162F-9277-AF16-835E261AE8A3}"
EndProject
Project("{FAE04EC0-301F-11D3-BF4B-00C04F79EFBC}") = "Unity.Mathematics.Editor", "Unity.Mathematics.Editor.csproj", "{11B850D8-1C87-90B7-AF86-1117CB6968A0}"
EndProject
Project("{FAE04EC0-301F-11D3-BF4B-00C04F79EFBC}") = "Unity.InternalAPIEditorBridge.001", "Unity.InternalAPIEditorBridge.001.csproj", "{7482C539-5214-6887-CC1C-DF98CB53351A}"
EndProject
Project("{FAE04EC0-301F-11D3-BF4B-00C04F79EFBC}") = "UnityEngine.UI", "UnityEngine.UI.Player.csproj", "{A3D85F6E-50FC-B73C-1EC9-77887A71126E}"
EndProject
Project("{FAE04EC0-301F-11D3-BF4B-00C04F79EFBC}") = "UnityEngine.TestRunner", "UnityEngine.TestRunner.Player.csproj", "{0A11898E-4AB0-5349-FC53-8BF412BBAC47}"
EndProject
Project("{FAE04EC0-301F-11D3-BF4B-00C04F79EFBC}") = "Unity.Mathematics", "Unity.Mathematics.Player.csproj", "{28F6EE9D-34FB-7E36-D03C-234743B163FD}"
EndProject
Project("{FAE04EC0-301F-11D3-BF4B-00C04F79EFBC}") = "Unity.Timeline", "Unity.Timeline.Player.csproj", "{B1FA09AB-9315-B143-9E17-4B5C99DEBF59}"
EndProject
Project("{FAE04EC0-301F-11D3-BF4B-00C04F79EFBC}") = "Unity.TextMeshPro", "Unity.TextMeshPro.Player.csproj", "{3F2FB89C-831F-0489-4948-5AC1D803112D}"
EndProject
Project("{FAE04EC0-301F-11D3-BF4B-00C04F79EFBC}") = "Unity.2D.Animation.Runtime", "Unity.2D.Animation.Runtime.Player.csproj", "{EA9A6CA5-B1D9-5113-300F-525FC265F65A}"
EndProject
Project("{FAE04EC0-301F-11D3-BF4B-00C04F79EFBC}") = "Unity.2D.IK.Runtime", "Unity.2D.IK.Runtime.Player.csproj", "{216D68FE-F6BF-B9D6-E1CE-C7929961154F}"
EndProject
Project("{FAE04EC0-301F-11D3-BF4B-00C04F79EFBC}") = "Unity.2D.SpriteShape.Runtime", "Unity.2D.SpriteShape.Runtime.Player.csproj", "{7031E856-AC28-AE08-C8AE-D447DCCC3791}"
EndProject
Project("{FAE04EC0-301F-11D3-BF4B-00C04F79EFBC}") = "Unity.2D.PixelPerfect", "Unity.2D.PixelPerfect.Player.csproj", "{5FC78DE3-E1EF-101C-BF66-952A90DDB797}"
EndProject
Project("{FAE04EC0-301F-11D3-BF4B-00C04F79EFBC}") = "Assembly-CSharp", "Assembly-CSharp.Player.csproj", "{0B7364EE-32DD-7013-41D2-1E1E16BBB521}"
EndProject
Project("{FAE04EC0-301F-11D3-BF4B-00C04F79EFBC}") = "Unity.2D.Common.Runtime", "Unity.2D.Common.Runtime.Player.csproj", "{E879FF12-635B-97DE-D494-6AB82BE59A3F}"
EndProject
Project("{FAE04EC0-301F-11D3-BF4B-00C04F79EFBC}") = "Unity.InternalAPIEngineBridge.001", "Unity.InternalAPIEngineBridge.001.Player.csproj", "{EAD58286-315C-9E98-9EB8-E5714D11A529}"
EndProject
Global
	GlobalSection(SolutionConfigurationPlatforms) = preSolution
		Debug|Any CPU = Debug|Any CPU
		Release|Any CPU = Release|Any CPU
	EndGlobalSection
	GlobalSection(ProjectConfigurationPlatforms) = postSolution
		{B5743D6C-5CD2-F1E2-666B-410136889A5D}.Debug|Any CPU.ActiveCfg = Debug|Any CPU
		{B5743D6C-5CD2-F1E2-666B-410136889A5D}.Debug|Any CPU.Build.0 = Debug|Any CPU
		{B5743D6C-5CD2-F1E2-666B-410136889A5D}.Release|Any CPU.ActiveCfg = Release|Any CPU
		{B5743D6C-5CD2-F1E2-666B-410136889A5D}.Release|Any CPU.Build.0 = Release|Any CPU
		{9F872EB4-E4E1-520E-01D8-41A71C33A7C6}.Debug|Any CPU.ActiveCfg = Debug|Any CPU
		{9F872EB4-E4E1-520E-01D8-41A71C33A7C6}.Debug|Any CPU.Build.0 = Debug|Any CPU
		{9F872EB4-E4E1-520E-01D8-41A71C33A7C6}.Release|Any CPU.ActiveCfg = Release|Any CPU
		{9F872EB4-E4E1-520E-01D8-41A71C33A7C6}.Release|Any CPU.Build.0 = Release|Any CPU
		{F5412151-9CC8-C3EC-C433-DE678987957A}.Debug|Any CPU.ActiveCfg = Debug|Any CPU
		{F5412151-9CC8-C3EC-C433-DE678987957A}.Debug|Any CPU.Build.0 = Debug|Any CPU
		{F5412151-9CC8-C3EC-C433-DE678987957A}.Release|Any CPU.ActiveCfg = Release|Any CPU
		{F5412151-9CC8-C3EC-C433-DE678987957A}.Release|Any CPU.Build.0 = Release|Any CPU
		{012D7142-7739-1AB1-C78F-916282A1030C}.Debug|Any CPU.ActiveCfg = Debug|Any CPU
		{012D7142-7739-1AB1-C78F-916282A1030C}.Debug|Any CPU.Build.0 = Debug|Any CPU
		{012D7142-7739-1AB1-C78F-916282A1030C}.Release|Any CPU.ActiveCfg = Release|Any CPU
		{012D7142-7739-1AB1-C78F-916282A1030C}.Release|Any CPU.Build.0 = Release|Any CPU
		{12CBE0C0-8150-0383-1514-F75E52BE084A}.Debug|Any CPU.ActiveCfg = Debug|Any CPU
		{12CBE0C0-8150-0383-1514-F75E52BE084A}.Debug|Any CPU.Build.0 = Debug|Any CPU
		{12CBE0C0-8150-0383-1514-F75E52BE084A}.Release|Any CPU.ActiveCfg = Release|Any CPU
		{12CBE0C0-8150-0383-1514-F75E52BE084A}.Release|Any CPU.Build.0 = Release|Any CPU
		{CA779A01-C19B-0018-8862-3CF9AFA0303F}.Debug|Any CPU.ActiveCfg = Debug|Any CPU
		{CA779A01-C19B-0018-8862-3CF9AFA0303F}.Debug|Any CPU.Build.0 = Debug|Any CPU
		{CA779A01-C19B-0018-8862-3CF9AFA0303F}.Release|Any CPU.ActiveCfg = Release|Any CPU
		{CA779A01-C19B-0018-8862-3CF9AFA0303F}.Release|Any CPU.Build.0 = Release|Any CPU
		{6C6A8994-4F00-0ADD-9AB2-2E77AA3DBB15}.Debug|Any CPU.ActiveCfg = Debug|Any CPU
		{6C6A8994-4F00-0ADD-9AB2-2E77AA3DBB15}.Debug|Any CPU.Build.0 = Debug|Any CPU
		{6C6A8994-4F00-0ADD-9AB2-2E77AA3DBB15}.Release|Any CPU.ActiveCfg = Release|Any CPU
		{6C6A8994-4F00-0ADD-9AB2-2E77AA3DBB15}.Release|Any CPU.Build.0 = Release|Any CPU
		{F3B0BA01-9443-A749-A83E-F313304AE82A}.Debug|Any CPU.ActiveCfg = Debug|Any CPU
		{F3B0BA01-9443-A749-A83E-F313304AE82A}.Debug|Any CPU.Build.0 = Debug|Any CPU
		{F3B0BA01-9443-A749-A83E-F313304AE82A}.Release|Any CPU.ActiveCfg = Release|Any CPU
		{F3B0BA01-9443-A749-A83E-F313304AE82A}.Release|Any CPU.Build.0 = Release|Any CPU
		{B9ADC7C1-4A29-0637-00B9-A9E4BFA0E347}.Debug|Any CPU.ActiveCfg = Debug|Any CPU
		{B9ADC7C1-4A29-0637-00B9-A9E4BFA0E347}.Debug|Any CPU.Build.0 = Debug|Any CPU
		{B9ADC7C1-4A29-0637-00B9-A9E4BFA0E347}.Release|Any CPU.ActiveCfg = Release|Any CPU
		{B9ADC7C1-4A29-0637-00B9-A9E4BFA0E347}.Release|Any CPU.Build.0 = Release|Any CPU
		{F5F942EA-2A91-F648-97F1-185A8BEED07D}.Debug|Any CPU.ActiveCfg = Debug|Any CPU
		{F5F942EA-2A91-F648-97F1-185A8BEED07D}.Debug|Any CPU.Build.0 = Debug|Any CPU
		{F5F942EA-2A91-F648-97F1-185A8BEED07D}.Release|Any CPU.ActiveCfg = Release|Any CPU
		{F5F942EA-2A91-F648-97F1-185A8BEED07D}.Release|Any CPU.Build.0 = Release|Any CPU
		{F0F5CA37-D21A-09D4-7712-D3732E32FBE7}.Debug|Any CPU.ActiveCfg = Debug|Any CPU
		{F0F5CA37-D21A-09D4-7712-D3732E32FBE7}.Debug|Any CPU.Build.0 = Debug|Any CPU
		{F0F5CA37-D21A-09D4-7712-D3732E32FBE7}.Release|Any CPU.ActiveCfg = Release|Any CPU
		{F0F5CA37-D21A-09D4-7712-D3732E32FBE7}.Release|Any CPU.Build.0 = Release|Any CPU
		{73382F79-7715-6285-9B55-1D51C6F7652E}.Debug|Any CPU.ActiveCfg = Debug|Any CPU
		{73382F79-7715-6285-9B55-1D51C6F7652E}.Debug|Any CPU.Build.0 = Debug|Any CPU
		{73382F79-7715-6285-9B55-1D51C6F7652E}.Release|Any CPU.ActiveCfg = Release|Any CPU
		{73382F79-7715-6285-9B55-1D51C6F7652E}.Release|Any CPU.Build.0 = Release|Any CPU
		{24DD51B3-0F54-467D-4B86-7F73DBE35D84}.Debug|Any CPU.ActiveCfg = Debug|Any CPU
		{24DD51B3-0F54-467D-4B86-7F73DBE35D84}.Debug|Any CPU.Build.0 = Debug|Any CPU
		{24DD51B3-0F54-467D-4B86-7F73DBE35D84}.Release|Any CPU.ActiveCfg = Release|Any CPU
		{24DD51B3-0F54-467D-4B86-7F73DBE35D84}.Release|Any CPU.Build.0 = Release|Any CPU
		{0A891ECC-D35E-F894-1E5A-FF2A24345AAB}.Debug|Any CPU.ActiveCfg = Debug|Any CPU
		{0A891ECC-D35E-F894-1E5A-FF2A24345AAB}.Debug|Any CPU.Build.0 = Debug|Any CPU
		{0A891ECC-D35E-F894-1E5A-FF2A24345AAB}.Release|Any CPU.ActiveCfg = Release|Any CPU
		{0A891ECC-D35E-F894-1E5A-FF2A24345AAB}.Release|Any CPU.Build.0 = Release|Any CPU
		{53E3B946-AE50-F2B3-154A-5550CAF1F7AB}.Debug|Any CPU.ActiveCfg = Debug|Any CPU
		{53E3B946-AE50-F2B3-154A-5550CAF1F7AB}.Debug|Any CPU.Build.0 = Debug|Any CPU
		{53E3B946-AE50-F2B3-154A-5550CAF1F7AB}.Release|Any CPU.ActiveCfg = Release|Any CPU
		{53E3B946-AE50-F2B3-154A-5550CAF1F7AB}.Release|Any CPU.Build.0 = Release|Any CPU
		{3FF5F85B-396E-FA6B-C066-37F6BFB40C3E}.Debug|Any CPU.ActiveCfg = Debug|Any CPU
		{3FF5F85B-396E-FA6B-C066-37F6BFB40C3E}.Debug|Any CPU.Build.0 = Debug|Any CPU
		{3FF5F85B-396E-FA6B-C066-37F6BFB40C3E}.Release|Any CPU.ActiveCfg = Release|Any CPU
		{3FF5F85B-396E-FA6B-C066-37F6BFB40C3E}.Release|Any CPU.Build.0 = Release|Any CPU
		{56B5E58F-A966-1CDD-A1E3-351544FE3B8A}.Debug|Any CPU.ActiveCfg = Debug|Any CPU
		{56B5E58F-A966-1CDD-A1E3-351544FE3B8A}.Debug|Any CPU.Build.0 = Debug|Any CPU
		{56B5E58F-A966-1CDD-A1E3-351544FE3B8A}.Release|Any CPU.ActiveCfg = Release|Any CPU
		{56B5E58F-A966-1CDD-A1E3-351544FE3B8A}.Release|Any CPU.Build.0 = Release|Any CPU
		{53979E65-ED24-F09D-9EEA-AFA816CA9297}.Debug|Any CPU.ActiveCfg = Debug|Any CPU
		{53979E65-ED24-F09D-9EEA-AFA816CA9297}.Debug|Any CPU.Build.0 = Debug|Any CPU
		{53979E65-ED24-F09D-9EEA-AFA816CA9297}.Release|Any CPU.ActiveCfg = Release|Any CPU
		{53979E65-ED24-F09D-9EEA-AFA816CA9297}.Release|Any CPU.Build.0 = Release|Any CPU
		{9C7521C7-EDFE-09C6-55BC-B614F857B654}.Debug|Any CPU.ActiveCfg = Debug|Any CPU
		{9C7521C7-EDFE-09C6-55BC-B614F857B654}.Debug|Any CPU.Build.0 = Debug|Any CPU
		{9C7521C7-EDFE-09C6-55BC-B614F857B654}.Release|Any CPU.ActiveCfg = Release|Any CPU
		{9C7521C7-EDFE-09C6-55BC-B614F857B654}.Release|Any CPU.Build.0 = Release|Any CPU
		{2FC27BAF-4A4D-369F-3D6A-A0F30F291DB1}.Debug|Any CPU.ActiveCfg = Debug|Any CPU
		{2FC27BAF-4A4D-369F-3D6A-A0F30F291DB1}.Debug|Any CPU.Build.0 = Debug|Any CPU
		{2FC27BAF-4A4D-369F-3D6A-A0F30F291DB1}.Release|Any CPU.ActiveCfg = Release|Any CPU
		{2FC27BAF-4A4D-369F-3D6A-A0F30F291DB1}.Release|Any CPU.Build.0 = Release|Any CPU
		{097586E9-567B-FBD7-78D5-E6D7BC49BC99}.Debug|Any CPU.ActiveCfg = Debug|Any CPU
		{097586E9-567B-FBD7-78D5-E6D7BC49BC99}.Debug|Any CPU.Build.0 = Debug|Any CPU
		{097586E9-567B-FBD7-78D5-E6D7BC49BC99}.Release|Any CPU.ActiveCfg = Release|Any CPU
		{097586E9-567B-FBD7-78D5-E6D7BC49BC99}.Release|Any CPU.Build.0 = Release|Any CPU
		{5A52C7C7-4D38-A0C2-649C-708244649B93}.Debug|Any CPU.ActiveCfg = Debug|Any CPU
		{5A52C7C7-4D38-A0C2-649C-708244649B93}.Debug|Any CPU.Build.0 = Debug|Any CPU
		{5A52C7C7-4D38-A0C2-649C-708244649B93}.Release|Any CPU.ActiveCfg = Release|Any CPU
		{5A52C7C7-4D38-A0C2-649C-708244649B93}.Release|Any CPU.Build.0 = Release|Any CPU
		{E33126AB-6DAD-80D6-0F23-CA01AE557AB4}.Debug|Any CPU.ActiveCfg = Debug|Any CPU
		{E33126AB-6DAD-80D6-0F23-CA01AE557AB4}.Debug|Any CPU.Build.0 = Debug|Any CPU
		{E33126AB-6DAD-80D6-0F23-CA01AE557AB4}.Release|Any CPU.ActiveCfg = Release|Any CPU
		{E33126AB-6DAD-80D6-0F23-CA01AE557AB4}.Release|Any CPU.Build.0 = Release|Any CPU
		{2D2CD2CD-89CF-29F7-4312-B11B4D868E58}.Debug|Any CPU.ActiveCfg = Debug|Any CPU
		{2D2CD2CD-89CF-29F7-4312-B11B4D868E58}.Debug|Any CPU.Build.0 = Debug|Any CPU
		{2D2CD2CD-89CF-29F7-4312-B11B4D868E58}.Release|Any CPU.ActiveCfg = Release|Any CPU
		{2D2CD2CD-89CF-29F7-4312-B11B4D868E58}.Release|Any CPU.Build.0 = Release|Any CPU
		{E454F82D-726C-45C1-5A60-2A94FBFBBF6D}.Debug|Any CPU.ActiveCfg = Debug|Any CPU
		{E454F82D-726C-45C1-5A60-2A94FBFBBF6D}.Debug|Any CPU.Build.0 = Debug|Any CPU
		{E454F82D-726C-45C1-5A60-2A94FBFBBF6D}.Release|Any CPU.ActiveCfg = Release|Any CPU
		{E454F82D-726C-45C1-5A60-2A94FBFBBF6D}.Release|Any CPU.Build.0 = Release|Any CPU
		{32F8B06E-B0DF-8F20-A140-98FBDF3A831A}.Debug|Any CPU.ActiveCfg = Debug|Any CPU
		{32F8B06E-B0DF-8F20-A140-98FBDF3A831A}.Debug|Any CPU.Build.0 = Debug|Any CPU
		{32F8B06E-B0DF-8F20-A140-98FBDF3A831A}.Release|Any CPU.ActiveCfg = Release|Any CPU
		{32F8B06E-B0DF-8F20-A140-98FBDF3A831A}.Release|Any CPU.Build.0 = Release|Any CPU
		{CB3331E3-0329-6D07-268C-E919F35D4B6F}.Debug|Any CPU.ActiveCfg = Debug|Any CPU
		{CB3331E3-0329-6D07-268C-E919F35D4B6F}.Debug|Any CPU.Build.0 = Debug|Any CPU
		{CB3331E3-0329-6D07-268C-E919F35D4B6F}.Release|Any CPU.ActiveCfg = Release|Any CPU
		{CB3331E3-0329-6D07-268C-E919F35D4B6F}.Release|Any CPU.Build.0 = Release|Any CPU
		{A79E1D88-800D-4107-845B-7FFF1F53D6D2}.Debug|Any CPU.ActiveCfg = Debug|Any CPU
		{A79E1D88-800D-4107-845B-7FFF1F53D6D2}.Debug|Any CPU.Build.0 = Debug|Any CPU
		{A79E1D88-800D-4107-845B-7FFF1F53D6D2}.Release|Any CPU.ActiveCfg = Release|Any CPU
		{A79E1D88-800D-4107-845B-7FFF1F53D6D2}.Release|Any CPU.Build.0 = Release|Any CPU
		{1197A771-0DD8-305D-D854-64C0FD29DB0B}.Debug|Any CPU.ActiveCfg = Debug|Any CPU
		{1197A771-0DD8-305D-D854-64C0FD29DB0B}.Debug|Any CPU.Build.0 = Debug|Any CPU
		{1197A771-0DD8-305D-D854-64C0FD29DB0B}.Release|Any CPU.ActiveCfg = Release|Any CPU
		{1197A771-0DD8-305D-D854-64C0FD29DB0B}.Release|Any CPU.Build.0 = Release|Any CPU
		{DA203D53-201E-624F-1F42-D7908058ADB5}.Debug|Any CPU.ActiveCfg = Debug|Any CPU
		{DA203D53-201E-624F-1F42-D7908058ADB5}.Debug|Any CPU.Build.0 = Debug|Any CPU
		{DA203D53-201E-624F-1F42-D7908058ADB5}.Release|Any CPU.ActiveCfg = Release|Any CPU
		{DA203D53-201E-624F-1F42-D7908058ADB5}.Release|Any CPU.Build.0 = Release|Any CPU
		{9888B4D4-CE8B-9A0E-044D-0C7C3D67EFE9}.Debug|Any CPU.ActiveCfg = Debug|Any CPU
		{9888B4D4-CE8B-9A0E-044D-0C7C3D67EFE9}.Debug|Any CPU.Build.0 = Debug|Any CPU
		{9888B4D4-CE8B-9A0E-044D-0C7C3D67EFE9}.Release|Any CPU.ActiveCfg = Release|Any CPU
		{9888B4D4-CE8B-9A0E-044D-0C7C3D67EFE9}.Release|Any CPU.Build.0 = Release|Any CPU
		{5F1A7D11-5A19-760F-F3E6-0D962F260A88}.Debug|Any CPU.ActiveCfg = Debug|Any CPU
		{5F1A7D11-5A19-760F-F3E6-0D962F260A88}.Debug|Any CPU.Build.0 = Debug|Any CPU
		{5F1A7D11-5A19-760F-F3E6-0D962F260A88}.Release|Any CPU.ActiveCfg = Release|Any CPU
		{5F1A7D11-5A19-760F-F3E6-0D962F260A88}.Release|Any CPU.Build.0 = Release|Any CPU
		{1D532642-162F-9277-AF16-835E261AE8A3}.Debug|Any CPU.ActiveCfg = Debug|Any CPU
		{1D532642-162F-9277-AF16-835E261AE8A3}.Debug|Any CPU.Build.0 = Debug|Any CPU
		{1D532642-162F-9277-AF16-835E261AE8A3}.Release|Any CPU.ActiveCfg = Release|Any CPU
		{1D532642-162F-9277-AF16-835E261AE8A3}.Release|Any CPU.Build.0 = Release|Any CPU
		{11B850D8-1C87-90B7-AF86-1117CB6968A0}.Debug|Any CPU.ActiveCfg = Debug|Any CPU
		{11B850D8-1C87-90B7-AF86-1117CB6968A0}.Debug|Any CPU.Build.0 = Debug|Any CPU
		{11B850D8-1C87-90B7-AF86-1117CB6968A0}.Release|Any CPU.ActiveCfg = Release|Any CPU
		{11B850D8-1C87-90B7-AF86-1117CB6968A0}.Release|Any CPU.Build.0 = Release|Any CPU
		{7482C539-5214-6887-CC1C-DF98CB53351A}.Debug|Any CPU.ActiveCfg = Debug|Any CPU
		{7482C539-5214-6887-CC1C-DF98CB53351A}.Debug|Any CPU.Build.0 = Debug|Any CPU
		{7482C539-5214-6887-CC1C-DF98CB53351A}.Release|Any CPU.ActiveCfg = Release|Any CPU
		{7482C539-5214-6887-CC1C-DF98CB53351A}.Release|Any CPU.Build.0 = Release|Any CPU
		{A3D85F6E-50FC-B73C-1EC9-77887A71126E}.Debug|Any CPU.ActiveCfg = Debug|Any CPU
		{A3D85F6E-50FC-B73C-1EC9-77887A71126E}.Debug|Any CPU.Build.0 = Debug|Any CPU
		{A3D85F6E-50FC-B73C-1EC9-77887A71126E}.Release|Any CPU.ActiveCfg = Release|Any CPU
		{A3D85F6E-50FC-B73C-1EC9-77887A71126E}.Release|Any CPU.Build.0 = Release|Any CPU
		{0A11898E-4AB0-5349-FC53-8BF412BBAC47}.Debug|Any CPU.ActiveCfg = Debug|Any CPU
		{0A11898E-4AB0-5349-FC53-8BF412BBAC47}.Debug|Any CPU.Build.0 = Debug|Any CPU
		{0A11898E-4AB0-5349-FC53-8BF412BBAC47}.Release|Any CPU.ActiveCfg = Release|Any CPU
		{0A11898E-4AB0-5349-FC53-8BF412BBAC47}.Release|Any CPU.Build.0 = Release|Any CPU
		{28F6EE9D-34FB-7E36-D03C-234743B163FD}.Debug|Any CPU.ActiveCfg = Debug|Any CPU
		{28F6EE9D-34FB-7E36-D03C-234743B163FD}.Debug|Any CPU.Build.0 = Debug|Any CPU
		{28F6EE9D-34FB-7E36-D03C-234743B163FD}.Release|Any CPU.ActiveCfg = Release|Any CPU
		{28F6EE9D-34FB-7E36-D03C-234743B163FD}.Release|Any CPU.Build.0 = Release|Any CPU
		{B1FA09AB-9315-B143-9E17-4B5C99DEBF59}.Debug|Any CPU.ActiveCfg = Debug|Any CPU
		{B1FA09AB-9315-B143-9E17-4B5C99DEBF59}.Debug|Any CPU.Build.0 = Debug|Any CPU
		{B1FA09AB-9315-B143-9E17-4B5C99DEBF59}.Release|Any CPU.ActiveCfg = Release|Any CPU
		{B1FA09AB-9315-B143-9E17-4B5C99DEBF59}.Release|Any CPU.Build.0 = Release|Any CPU
		{3F2FB89C-831F-0489-4948-5AC1D803112D}.Debug|Any CPU.ActiveCfg = Debug|Any CPU
		{3F2FB89C-831F-0489-4948-5AC1D803112D}.Debug|Any CPU.Build.0 = Debug|Any CPU
		{3F2FB89C-831F-0489-4948-5AC1D803112D}.Release|Any CPU.ActiveCfg = Release|Any CPU
		{3F2FB89C-831F-0489-4948-5AC1D803112D}.Release|Any CPU.Build.0 = Release|Any CPU
		{EA9A6CA5-B1D9-5113-300F-525FC265F65A}.Debug|Any CPU.ActiveCfg = Debug|Any CPU
		{EA9A6CA5-B1D9-5113-300F-525FC265F65A}.Debug|Any CPU.Build.0 = Debug|Any CPU
		{EA9A6CA5-B1D9-5113-300F-525FC265F65A}.Release|Any CPU.ActiveCfg = Release|Any CPU
		{EA9A6CA5-B1D9-5113-300F-525FC265F65A}.Release|Any CPU.Build.0 = Release|Any CPU
		{216D68FE-F6BF-B9D6-E1CE-C7929961154F}.Debug|Any CPU.ActiveCfg = Debug|Any CPU
		{216D68FE-F6BF-B9D6-E1CE-C7929961154F}.Debug|Any CPU.Build.0 = Debug|Any CPU
		{216D68FE-F6BF-B9D6-E1CE-C7929961154F}.Release|Any CPU.ActiveCfg = Release|Any CPU
		{216D68FE-F6BF-B9D6-E1CE-C7929961154F}.Release|Any CPU.Build.0 = Release|Any CPU
		{7031E856-AC28-AE08-C8AE-D447DCCC3791}.Debug|Any CPU.ActiveCfg = Debug|Any CPU
		{7031E856-AC28-AE08-C8AE-D447DCCC3791}.Debug|Any CPU.Build.0 = Debug|Any CPU
		{7031E856-AC28-AE08-C8AE-D447DCCC3791}.Release|Any CPU.ActiveCfg = Release|Any CPU
		{7031E856-AC28-AE08-C8AE-D447DCCC3791}.Release|Any CPU.Build.0 = Release|Any CPU
		{5FC78DE3-E1EF-101C-BF66-952A90DDB797}.Debug|Any CPU.ActiveCfg = Debug|Any CPU
		{5FC78DE3-E1EF-101C-BF66-952A90DDB797}.Debug|Any CPU.Build.0 = Debug|Any CPU
		{5FC78DE3-E1EF-101C-BF66-952A90DDB797}.Release|Any CPU.ActiveCfg = Release|Any CPU
		{5FC78DE3-E1EF-101C-BF66-952A90DDB797}.Release|Any CPU.Build.0 = Release|Any CPU
		{0B7364EE-32DD-7013-41D2-1E1E16BBB521}.Debug|Any CPU.ActiveCfg = Debug|Any CPU
		{0B7364EE-32DD-7013-41D2-1E1E16BBB521}.Debug|Any CPU.Build.0 = Debug|Any CPU
		{0B7364EE-32DD-7013-41D2-1E1E16BBB521}.Release|Any CPU.ActiveCfg = Release|Any CPU
		{0B7364EE-32DD-7013-41D2-1E1E16BBB521}.Release|Any CPU.Build.0 = Release|Any CPU
		{E879FF12-635B-97DE-D494-6AB82BE59A3F}.Debug|Any CPU.ActiveCfg = Debug|Any CPU
		{E879FF12-635B-97DE-D494-6AB82BE59A3F}.Debug|Any CPU.Build.0 = Debug|Any CPU
		{E879FF12-635B-97DE-D494-6AB82BE59A3F}.Release|Any CPU.ActiveCfg = Release|Any CPU
		{E879FF12-635B-97DE-D494-6AB82BE59A3F}.Release|Any CPU.Build.0 = Release|Any CPU
		{EAD58286-315C-9E98-9EB8-E5714D11A529}.Debug|Any CPU.ActiveCfg = Debug|Any CPU
		{EAD58286-315C-9E98-9EB8-E5714D11A529}.Debug|Any CPU.Build.0 = Debug|Any CPU
		{EAD58286-315C-9E98-9EB8-E5714D11A529}.Release|Any CPU.ActiveCfg = Release|Any CPU
		{EAD58286-315C-9E98-9EB8-E5714D11A529}.Release|Any CPU.Build.0 = Release|Any CPU
	EndGlobalSection
	GlobalSection(SolutionProperties) = preSolution
		HideSolutionNode = FALSE
	EndGlobalSection
EndGlobal
